
Microsoft Visual Studio Solution File, Format Version 12.00
# Visual Studio 15
VisualStudioVersion = 15.0.26730.12
MinimumVisualStudioVersion = 10.0.40219.1
Project("{FAE04EC0-301F-11D3-BF4B-00C04F79EFBC}") = "src", "ConsoleApp1\src.csproj", "{90DD14C2-816C-401B-BFF6-74701FE4C709}"
EndProject
Global
	GlobalSection(SolutionConfigurationPlatforms) = preSolution
		Debug|Any CPU = Debug|Any CPU
		Release|Any CPU = Release|Any CPU
	EndGlobalSection
	GlobalSection(ProjectConfigurationPlatforms) = postSolution
		{90DD14C2-816C-401B-BFF6-74701FE4C709}.Debug|Any CPU.ActiveCfg = Debug|Any CPU
		{90DD14C2-816C-401B-BFF6-74701FE4C709}.Debug|Any CPU.Build.0 = Debug|Any CPU
		{90DD14C2-816C-401B-BFF6-74701FE4C709}.Release|Any CPU.ActiveCfg = Release|Any CPU
		{90DD14C2-816C-401B-BFF6-74701FE4C709}.Release|Any CPU.Build.0 = Release|Any CPU
	EndGlobalSection
	GlobalSection(SolutionProperties) = preSolution
		HideSolutionNode = FALSE
	EndGlobalSection
	GlobalSection(ExtensibilityGlobals) = postSolution
		SolutionGuid = {A5AE17F8-EB48-4CC3-88AC-FCC39DEE7BAA}
	EndGlobalSection
EndGlobal
